
Microsoft Visual Studio Solution File, Format Version 12.00
# Visual Studio Version 17
VisualStudioVersion = 17.1.32328.378
MinimumVisualStudioVersion = 10.0.40219.1
Project("{FAE04EC0-301F-11D3-BF4B-00C04F79EFBC}") = "WebCompiler", "WebCompiler.csproj", "{50D9A083-A4FC-4CFC-B8A5-1E990838F5E7}"
EndProject
Global
	GlobalSection(SolutionConfigurationPlatforms) = preSolution
		Debug|Any CPU = Debug|Any CPU
		Release|Any CPU = Release|Any CPU
	EndGlobalSection
	GlobalSection(ProjectConfigurationPlatforms) = postSolution
		{50D9A083-A4FC-4CFC-B8A5-1E990838F5E7}.Debug|Any CPU.ActiveCfg = Debug|Any CPU
		{50D9A083-A4FC-4CFC-B8A5-1E990838F5E7}.Debug|Any CPU.Build.0 = Debug|Any CPU
		{50D9A083-A4FC-4CFC-B8A5-1E990838F5E7}.Release|Any CPU.ActiveCfg = Release|Any CPU
		{50D9A083-A4FC-4CFC-B8A5-1E990838F5E7}.Release|Any CPU.Build.0 = Release|Any CPU
	EndGlobalSection
	GlobalSection(SolutionProperties) = preSolution
		HideSolutionNode = FALSE
	EndGlobalSection
	GlobalSection(ExtensibilityGlobals) = postSolution
		SolutionGuid = {DBF8833C-498E-49F8-80A6-CFB5B6BCAE2C}
	EndGlobalSection
EndGlobal
